{
  "name": "rescript-opam-react",
  "version": "0.1.0",
  "lockfileVersion": 2,
  "requires": true,
  "packages": {
    "": {
      "name": "rescript-opam-react",
      "version": "0.1.0",
      "license": "MIT",
      "dependencies": {
        "rescript-weak-array": "github:dboris/rescript-weak-array"
      },
      "devDependencies": {
        "rescript": "^9.1.4"
      }
    },
    "node_modules/rescript": {
      "version": "9.1.4",
      "resolved": "https://registry.npmjs.org/rescript/-/rescript-9.1.4.tgz",
      "integrity": "sha512-aXANK4IqecJzdnDpJUsU6pxMViCR5ogAxzuqS0mOr8TloMnzAjJFu63fjD6LCkWrKAhlMkFFzQvVQYaAaVkFXw==",
      "dev": true,
      "hasInstallScript": true,
      "bin": {
        "bsc": "bsc",
        "bsrefmt": "bsrefmt",
        "bstracing": "lib/bstracing",
        "rescript": "rescript"
      }
    },
    "node_modules/rescript-weak-array": {
      "version": "0.1.0",
      "resolved": "git+ssh://git@github.com/dboris/rescript-weak-array.git#ca095386ae9427b5cb2f57e640f023e1f5e6dd57",
      "license": "LGPL-2.1"
    }
  },
  "dependencies": {
    "rescript": {
      "version": "9.1.4",
      "resolved": "https://registry.npmjs.org/rescript/-/rescript-9.1.4.tgz",
      "integrity": "sha512-aXANK4IqecJzdnDpJUsU6pxMViCR5ogAxzuqS0mOr8TloMnzAjJFu63fjD6LCkWrKAhlMkFFzQvVQYaAaVkFXw==",
      "dev": true
    },
    "rescript-weak-array": {
      "version": "git+ssh://git@github.com/dboris/rescript-weak-array.git#ca095386ae9427b5cb2f57e640f023e1f5e6dd57",
      "from": "rescript-weak-array@https://github.com/dboris/rescript-weak-array"
    }
  }
}
